
Microsoft Visual Studio Solution File, Format Version 12.00
# Visual Studio Version 16
VisualStudioVersion = 16.0.31129.286
MinimumVisualStudioVersion = 10.0.40219.1
Project("{FAE04EC0-301F-11D3-BF4B-00C04F79EFBC}") = "ConsoleApp1", "ConsoleApp1.csproj", "{2DBD14A7-4E77-4741-94BC-C6B6E1FCC719}"
EndProject
Global
	GlobalSection(SolutionConfigurationPlatforms) = preSolution
		Debug|Any CPU = Debug|Any CPU
		Release|Any CPU = Release|Any CPU
	EndGlobalSection
	GlobalSection(ProjectConfigurationPlatforms) = postSolution
		{2DBD14A7-4E77-4741-94BC-C6B6E1FCC719}.Debug|Any CPU.ActiveCfg = Debug|Any CPU
		{2DBD14A7-4E77-4741-94BC-C6B6E1FCC719}.Debug|Any CPU.Build.0 = Debug|Any CPU
		{2DBD14A7-4E77-4741-94BC-C6B6E1FCC719}.Release|Any CPU.ActiveCfg = Release|Any CPU
		{2DBD14A7-4E77-4741-94BC-C6B6E1FCC719}.Release|Any CPU.Build.0 = Release|Any CPU
	EndGlobalSection
	GlobalSection(SolutionProperties) = preSolution
		HideSolutionNode = FALSE
	EndGlobalSection
	GlobalSection(ExtensibilityGlobals) = postSolution
		SolutionGuid = {92C6EB4B-BCC5-465D-B1DB-F593DE561E3E}
	EndGlobalSection
EndGlobal
